
Microsoft Visual Studio Solution File, Format Version 12.00
# Visual Studio Version 17
VisualStudioVersion = 17.5.002.0
MinimumVisualStudioVersion = 10.0.40219.1
Project("{9A19103F-16F7-4668-BE54-9A1E7A4F7556}") = "elecTorn-HUB-Teams", "elecTorn-HUB-Teams.csproj", "{22FA6247-506A-4867-B704-22DC7CA8B947}"
EndProject
Global
	GlobalSection(SolutionConfigurationPlatforms) = preSolution
		Debug|Any CPU = Debug|Any CPU
		Release|Any CPU = Release|Any CPU
	EndGlobalSection
	GlobalSection(ProjectConfigurationPlatforms) = postSolution
		{22FA6247-506A-4867-B704-22DC7CA8B947}.Debug|Any CPU.ActiveCfg = Debug|Any CPU
		{22FA6247-506A-4867-B704-22DC7CA8B947}.Debug|Any CPU.Build.0 = Debug|Any CPU
		{22FA6247-506A-4867-B704-22DC7CA8B947}.Release|Any CPU.ActiveCfg = Release|Any CPU
		{22FA6247-506A-4867-B704-22DC7CA8B947}.Release|Any CPU.Build.0 = Release|Any CPU
	EndGlobalSection
	GlobalSection(SolutionProperties) = preSolution
		HideSolutionNode = FALSE
	EndGlobalSection
	GlobalSection(ExtensibilityGlobals) = postSolution
		SolutionGuid = {F260C4BA-BC66-476F-A511-F0E5895446C8}
	EndGlobalSection
EndGlobal
